// !$*UTF8*$!
{
	archiveVersion = 1;
	classes = {
	};
	objectVersion = 50;
	objects = {

/* Begin PBXBuildFile section */
		44346028221A2ED700F92DDE /* AppDelegate.m in Sources */ = {isa = PBXBuildFile; fileRef = 44346027221A2ED700F92DDE /* AppDelegate.m */; };
		4434602B221A2ED700F92DDE /* ViewController.m in Sources */ = {isa = PBXBuildFile; fileRef = 4434602A221A2ED700F92DDE /* ViewController.m */; };
		4434602E221A2ED700F92DDE /* Main.storyboard in Resources */ = {isa = PBXBuildFile; fileRef = 4434602C221A2ED700F92DDE /* Main.storyboard */; };
		44346030221A2ED800F92DDE /* Assets.xcassets in Resources */ = {isa = PBXBuildFile; fileRef = 4434602F221A2ED800F92DDE /* Assets.xcassets */; };
		44346033221A2ED800F92DDE /* LaunchScreen.storyboard in Resources */ = {isa = PBXBuildFile; fileRef = 44346031221A2ED800F92DDE /* LaunchScreen.storyboard */; };
		44346036221A2ED800F92DDE /* main.m in Sources */ = {isa = PBXBuildFile; fileRef = 44346035221A2ED800F92DDE /* main.m */; };
		4474E83D221BBD3A00638ABA /* CardModel.m in Sources */ = {isa = PBXBuildFile; fileRef = 4474E83C221BBD3A00638ABA /* CardModel.m */; };
		44E94CB4221BBE870083BD44 /* CardCellLayout.m in Sources */ = {isa = PBXBuildFile; fileRef = 44E94CB3221BBE870083BD44 /* CardCellLayout.m */; };
		44F84C7F221B6CFC00F31EDC /* CardCell.m in Sources */ = {isa = PBXBuildFile; fileRef = 44F84C7E221B6CFC00F31EDC /* CardCell.m */; };
		44F84CBD221BB12600F31EDC /* PYLFPSLabel.m in Sources */ = {isa = PBXBuildFile; fileRef = 44F84CB9221BB12500F31EDC /* PYLFPSLabel.m */; };
		44F84CBE221BB12600F31EDC /* CADisplayLink+Safe.m in Sources */ = {isa = PBXBuildFile; fileRef = 44F84CBC221BB12600F31EDC /* CADisplayLink+Safe.m */; };
		44F84CC1221BB46F00F31EDC /* UIImageView+Web.m in Sources */ = {isa = PBXBuildFile; fileRef = 44F84CC0221BB46F00F31EDC /* UIImageView+Web.m */; };
		44FE9EA7221C171E00CD4176 /* PYLImageCache.m in Sources */ = {isa = PBXBuildFile; fileRef = 44FE9EA6221C171E00CD4176 /* PYLImageCache.m */; };
		44FE9EAD221C370300CD4176 /* avatar_urls in Resources */ = {isa = PBXBuildFile; fileRef = 44FE9EAC221C370300CD4176 /* avatar_urls */; };
/* End PBXBuildFile section */

/* Begin PBXFileReference section */
		44346023221A2ED700F92DDE /* PYLTiled.app */ = {isa = PBXFileReference; explicitFileType = wrapper.application; includeInIndex = 0; path = PYLTiled.app; sourceTree = BUILT_PRODUCTS_DIR; };
		44346026221A2ED700F92DDE /* AppDelegate.h */ = {isa = PBXFileReference; lastKnownFileType = sourcecode.c.h; path = AppDelegate.h; sourceTree = "<group>"; };
		44346027221A2ED700F92DDE /* AppDelegate.m */ = {isa = PBXFileReference; lastKnownFileType = sourcecode.c.objc; path = AppDelegate.m; sourceTree = "<group>"; };
		44346029221A2ED700F92DDE /* ViewController.h */ = {isa = PBXFileReference; lastKnownFileType = sourcecode.c.h; path = ViewController.h; sourceTree = "<group>"; };
		4434602A221A2ED700F92DDE /* ViewController.m */ = {isa = PBXFileReference; lastKnownFileType = sourcecode.c.objc; path = ViewController.m; sourceTree = "<group>"; };
		4434602D221A2ED700F92DDE /* Base */ = {isa = PBXFileReference; lastKnownFileType = file.storyboard; name = Base; path = Base.lproj/Main.storyboard; sourceTree = "<group>"; };
		4434602F221A2ED800F92DDE /* Assets.xcassets */ = {isa = PBXFileReference; lastKnownFileType = folder.assetcatalog; path = Assets.xcassets; sourceTree = "<group>"; };
		44346032221A2ED800F92DDE /* Base */ = {isa = PBXFileReference; lastKnownFileType = file.storyboard; name = Base; path = Base.lproj/LaunchScreen.storyboard; sourceTree = "<group>"; };
		44346034221A2ED800F92DDE /* Info.plist */ = {isa = PBXFileReference; lastKnownFileType = text.plist.xml; path = Info.plist; sourceTree = "<group>"; };
		44346035221A2ED800F92DDE /* main.m */ = {isa = PBXFileReference; lastKnownFileType = sourcecode.c.objc; path = main.m; sourceTree = "<group>"; };
		4474E83B221BBD3A00638ABA /* CardModel.h */ = {isa = PBXFileReference; lastKnownFileType = sourcecode.c.h; path = CardModel.h; sourceTree = "<group>"; };
		4474E83C221BBD3A00638ABA /* CardModel.m */ = {isa = PBXFileReference; lastKnownFileType = sourcecode.c.objc; path = CardModel.m; sourceTree = "<group>"; };
		44E94CB2221BBE870083BD44 /* CardCellLayout.h */ = {isa = PBXFileReference; lastKnownFileType = sourcecode.c.h; path = CardCellLayout.h; sourceTree = "<group>"; };
		44E94CB3221BBE870083BD44 /* CardCellLayout.m */ = {isa = PBXFileReference; lastKnownFileType = sourcecode.c.objc; path = CardCellLayout.m; sourceTree = "<group>"; };
		44F84C7D221B6CFC00F31EDC /* CardCell.h */ = {isa = PBXFileReference; lastKnownFileType = sourcecode.c.h; path = CardCell.h; sourceTree = "<group>"; };
		44F84C7E221B6CFC00F31EDC /* CardCell.m */ = {isa = PBXFileReference; lastKnownFileType = sourcecode.c.objc; path = CardCell.m; sourceTree = "<group>"; };
		44F84CB9221BB12500F31EDC /* PYLFPSLabel.m */ = {isa = PBXFileReference; fileEncoding = 4; lastKnownFileType = sourcecode.c.objc; path = PYLFPSLabel.m; sourceTree = "<group>"; };
		44F84CBA221BB12600F31EDC /* CADisplayLink+Safe.h */ = {isa = PBXFileReference; fileEncoding = 4; lastKnownFileType = sourcecode.c.h; path = "CADisplayLink+Safe.h"; sourceTree = "<group>"; };
		44F84CBB221BB12600F31EDC /* PYLFPSLabel.h */ = {isa = PBXFileReference; fileEncoding = 4; lastKnownFileType = sourcecode.c.h; path = PYLFPSLabel.h; sourceTree = "<group>"; };
		44F84CBC221BB12600F31EDC /* CADisplayLink+Safe.m */ = {isa = PBXFileReference; fileEncoding = 4; lastKnownFileType = sourcecode.c.objc; path = "CADisplayLink+Safe.m"; sourceTree = "<group>"; };
		44F84CBF221BB46F00F31EDC /* UIImageView+Web.h */ = {isa = PBXFileReference; lastKnownFileType = sourcecode.c.h; path = "UIImageView+Web.h"; sourceTree = "<group>"; };
		44F84CC0221BB46F00F31EDC /* UIImageView+Web.m */ = {isa = PBXFileReference; lastKnownFileType = sourcecode.c.objc; path = "UIImageView+Web.m"; sourceTree = "<group>"; };
		44FE9EA5221C171E00CD4176 /* PYLImageCache.h */ = {isa = PBXFileReference; lastKnownFileType = sourcecode.c.h; path = PYLImageCache.h; sourceTree = "<group>"; };
		44FE9EA6221C171E00CD4176 /* PYLImageCache.m */ = {isa = PBXFileReference; lastKnownFileType = sourcecode.c.objc; path = PYLImageCache.m; sourceTree = "<group>"; };
		44FE9EAC221C370300CD4176 /* avatar_urls */ = {isa = PBXFileReference; fileEncoding = 4; lastKnownFileType = text; path = avatar_urls; sourceTree = "<group>"; };
/* End PBXFileReference section */

/* Begin PBXFrameworksBuildPhase section */
		44346020221A2ED700F92DDE /* Frameworks */ = {
			isa = PBXFrameworksBuildPhase;
			buildActionMask = 2147483647;
			files = (
			);
			runOnlyForDeploymentPostprocessing = 0;
		};
/* End PBXFrameworksBuildPhase section */

/* Begin PBXGroup section */
		4434601A221A2ED700F92DDE = {
			isa = PBXGroup;
			children = (
				44346025221A2ED700F92DDE /* PYLTiled */,
				44346024221A2ED700F92DDE /* Products */,
			);
			sourceTree = "<group>";
		};
		44346024221A2ED700F92DDE /* Products */ = {
			isa = PBXGroup;
			children = (
				44346023221A2ED700F92DDE /* PYLTiled.app */,
			);
			name = Products;
			sourceTree = "<group>";
		};
		44346025221A2ED700F92DDE /* PYLTiled */ = {
			isa = PBXGroup;
			children = (
				44FE9EAC221C370300CD4176 /* avatar_urls */,
				44346026221A2ED700F92DDE /* AppDelegate.h */,
				44346027221A2ED700F92DDE /* AppDelegate.m */,
				44346029221A2ED700F92DDE /* ViewController.h */,
				4434602A221A2ED700F92DDE /* ViewController.m */,
				44FE9EA5221C171E00CD4176 /* PYLImageCache.h */,
				44FE9EA6221C171E00CD4176 /* PYLImageCache.m */,
				44F84C7D221B6CFC00F31EDC /* CardCell.h */,
				44F84C7E221B6CFC00F31EDC /* CardCell.m */,
				4474E83B221BBD3A00638ABA /* CardModel.h */,
				4474E83C221BBD3A00638ABA /* CardModel.m */,
				44E94CB2221BBE870083BD44 /* CardCellLayout.h */,
				44E94CB3221BBE870083BD44 /* CardCellLayout.m */,
				44F84CBA221BB12600F31EDC /* CADisplayLink+Safe.h */,
				44F84CBC221BB12600F31EDC /* CADisplayLink+Safe.m */,
				44F84CBB221BB12600F31EDC /* PYLFPSLabel.h */,
				44F84CB9221BB12500F31EDC /* PYLFPSLabel.m */,
				44F84CBF221BB46F00F31EDC /* UIImageView+Web.h */,
				44F84CC0221BB46F00F31EDC /* UIImageView+Web.m */,
				4434602C221A2ED700F92DDE /* Main.storyboard */,
				4434602F221A2ED800F92DDE /* Assets.xcassets */,
				44346031221A2ED800F92DDE /* LaunchScreen.storyboard */,
				44346034221A2ED800F92DDE /* Info.plist */,
				44346035221A2ED800F92DDE /* main.m */,
			);
			path = PYLTiled;
			sourceTree = "<group>";
		};
/* End PBXGroup section */

/* Begin PBXNativeTarget section */
		44346022221A2ED700F92DDE /* PYLTiled */ = {
			isa = PBXNativeTarget;
			buildConfigurationList = 44346039221A2ED800F92DDE /* Build configuration list for PBXNativeTarget "PYLTiled" */;
			buildPhases = (
				4434601F221A2ED700F92DDE /* Sources */,
				44346020221A2ED700F92DDE /* Frameworks */,
				44346021221A2ED700F92DDE /* Resources */,
			);
			buildRules = (
			);
			dependencies = (
			);
			name = PYLTiled;
			productName = PYLTiled;
			productReference = 44346023221A2ED700F92DDE /* PYLTiled.app */;
			productType = "com.apple.product-type.application";
		};
/* End PBXNativeTarget section */

/* Begin PBXProject section */
		4434601B221A2ED700F92DDE /* Project object */ = {
			isa = PBXProject;
			attributes = {
				LastUpgradeCheck = 1010;
				ORGANIZATIONNAME = pangyulei;
				TargetAttributes = {
					44346022221A2ED700F92DDE = {
						CreatedOnToolsVersion = 10.1;
					};
				};
			};
			buildConfigurationList = 4434601E221A2ED700F92DDE /* Build configuration list for PBXProject "PYLTiled" */;
			compatibilityVersion = "Xcode 9.3";
			developmentRegion = en;
			hasScannedForEncodings = 0;
			knownRegions = (
				en,
				Base,
			);
			mainGroup = 4434601A221A2ED700F92DDE;
			productRefGroup = 44346024221A2ED700F92DDE /* Products */;
			projectDirPath = "";
			projectRoot = "";
			targets = (
				44346022221A2ED700F92DDE /* PYLTiled */,
			);
		};
/* End PBXProject section */

/* Begin PBXResourcesBuildPhase section */
		44346021221A2ED700F92DDE /* Resources */ = {
			isa = PBXResourcesBuildPhase;
			buildActionMask = 2147483647;
			files = (
				44346033221A2ED800F92DDE /* LaunchScreen.storyboard in Resources */,
				44346030221A2ED800F92DDE /* Assets.xcassets in Resources */,
				4434602E221A2ED700F92DDE /* Main.storyboard in Resources */,
				44FE9EAD221C370300CD4176 /* avatar_urls in Resources */,
			);
			runOnlyForDeploymentPostprocessing = 0;
		};
/* End PBXResourcesBuildPhase section */

/* Begin PBXSourcesBuildPhase section */
		4434601F221A2ED700F92DDE /* Sources */ = {
			isa = PBXSourcesBuildPhase;
			buildActionMask = 2147483647;
			files = (
				44F84CBD221BB12600F31EDC /* PYLFPSLabel.m in Sources */,
				4474E83D221BBD3A00638ABA /* CardModel.m in Sources */,
				44FE9EA7221C171E00CD4176 /* PYLImageCache.m in Sources */,
				4434602B221A2ED700F92DDE /* ViewController.m in Sources */,
				44E94CB4221BBE870083BD44 /* CardCellLayout.m in Sources */,
				44346036221A2ED800F92DDE /* main.m in Sources */,
				44F84CBE221BB12600F31EDC /* CADisplayLink+Safe.m in Sources */,
				44F84CC1221BB46F00F31EDC /* UIImageView+Web.m in Sources */,
				44346028221A2ED700F92DDE /* AppDelegate.m in Sources */,
				44F84C7F221B6CFC00F31EDC /* CardCell.m in Sources */,
			);
			runOnlyForDeploymentPostprocessing = 0;
		};
/* End PBXSourcesBuildPhase section */

/* Begin PBXVariantGroup section */
		4434602C221A2ED700F92DDE /* Main.storyboard */ = {
			isa = PBXVariantGroup;
			children = (
				4434602D221A2ED700F92DDE /* Base */,
			);
			name = Main.storyboard;
			sourceTree = "<group>";
		};
		44346031221A2ED800F92DDE /* LaunchScreen.storyboard */ = {
			isa = PBXVariantGroup;
			children = (
				44346032221A2ED800F92DDE /* Base */,
			);
			name = LaunchScreen.storyboard;
			sourceTree = "<group>";
		};
/* End PBXVariantGroup section */

/* Begin XCBuildConfiguration section */
		44346037221A2ED800F92DDE /* Debug */ = {
			isa = XCBuildConfiguration;
			buildSettings = {
				ALWAYS_SEARCH_USER_PATHS = NO;
				CLANG_ANALYZER_NONNULL = YES;
				CLANG_ANALYZER_NUMBER_OBJECT_CONVERSION = YES_AGGRESSIVE;
				CLANG_CXX_LANGUAGE_STANDARD = "gnu++14";
				CLANG_CXX_LIBRARY = "libc++";
				CLANG_ENABLE_MODULES = YES;
				CLANG_ENABLE_OBJC_ARC = YES;
				CLANG_ENABLE_OBJC_WEAK = YES;
				CLANG_WARN_BLOCK_CAPTURE_AUTORELEASING = YES;
				CLANG_WARN_BOOL_CONVERSION = YES;
				CLANG_WARN_COMMA = YES;
				CLANG_WARN_CONSTANT_CONVERSION = YES;
				CLANG_WARN_DEPRECATED_OBJC_IMPLEMENTATIONS = YES;
				CLANG_WARN_DIRECT_OBJC_ISA_USAGE = YES_ERROR;
				CLANG_WARN_DOCUMENTATION_COMMENTS = YES;
				CLANG_WARN_EMPTY_BODY = YES;
				CLANG_WARN_ENUM_CONVERSION = YES;
				CLANG_WARN_INFINITE_RECURSION = YES;
				CLANG_WARN_INT_CONVERSION = YES;
				CLANG_WARN_NON_LITERAL_NULL_CONVERSION = YES;
				CLANG_WARN_OBJC_IMPLICIT_RETAIN_SELF = YES;
				CLANG_WARN_OBJC_LITERAL_CONVERSION = YES;
				CLANG_WARN_OBJC_ROOT_CLASS = YES_ERROR;
				CLANG_WARN_RANGE_LOOP_ANALYSIS = YES;
				CLANG_WARN_STRICT_PROTOTYPES = YES;
				CLANG_WARN_SUSPICIOUS_MOVE = YES;
				CLANG_WARN_UNGUARDED_AVAILABILITY = YES_AGGRESSIVE;
				CLANG_WARN_UNREACHABLE_CODE = YES;
				CLANG_WARN__DUPLICATE_METHOD_MATCH = YES;
				CODE_SIGN_IDENTITY = "iPhone Developer";
				COPY_PHASE_STRIP = NO;
				DEBUG_INFORMATION_FORMAT = dwarf;
				ENABLE_STRICT_OBJC_MSGSEND = YES;
				ENABLE_TESTABILITY = YES;
				GCC_C_LANGUAGE_STANDARD = gnu11;
				GCC_DYNAMIC_NO_PIC = NO;
				GCC_NO_COMMON_BLOCKS = YES;
				GCC_OPTIMIZATION_LEVEL = 0;
				GCC_PREPROCESSOR_DEFINITIONS = (
					"DEBUG=1",
					"$(inherited)",
				);
				GCC_WARN_64_TO_32_BIT_CONVERSION = YES;
				GCC_WARN_ABOUT_RETURN_TYPE = YES_ERROR;
				GCC_WARN_UNDECLARED_SELECTOR = YES;
				GCC_WARN_UNINITIALIZED_AUTOS = YES_AGGRESSIVE;
				GCC_WARN_UNUSED_FUNCTION = YES;
				GCC_WARN_UNUSED_VARIABLE = YES;
				IPHONEOS_DEPLOYMENT_TARGET = 10.0;
				MTL_ENABLE_DEBUG_INFO = INCLUDE_SOURCE;
				MTL_FAST_MATH = YES;
				ONLY_ACTIVE_ARCH = YES;
				SDKROOT = iphoneos;
			};
			name = Debug;
		};
		44346038221A2ED800F92DDE /* Release */ = {
			isa = XCBuildConfiguration;
			buildSettings = {
				ALWAYS_SEARCH_USER_PATHS = NO;
				CLANG_ANALYZER_NONNULL = YES;
				CLANG_ANALYZER_NUMBER_OBJECT_CONVERSION = YES_AGGRESSIVE;
				CLANG_CXX_LANGUAGE_STANDARD = "gnu++14";
				CLANG_CXX_LIBRARY = "libc++";
				CLANG_ENABLE_MODULES = YES;
				CLANG_ENABLE_OBJC_ARC = YES;
				CLANG_ENABLE_OBJC_WEAK = YES;
				CLANG_WARN_BLOCK_CAPTURE_AUTORELEASING = YES;
				CLANG_WARN_BOOL_CONVERSION = YES;
				CLANG_WARN_COMMA = YES;
				CLANG_WARN_CONSTANT_CONVERSION = YES;
				CLANG_WARN_DEPRECATED_OBJC_IMPLEMENTATIONS = YES;
				CLANG_WARN_DIRECT_OBJC_ISA_USAGE = YES_ERROR;
				CLANG_WARN_DOCUMENTATION_COMMENTS = YES;
				CLANG_WARN_EMPTY_BODY = YES;
				CLANG_WARN_ENUM_CONVERSION = YES;
				CLANG_WARN_INFINITE_RECURSION = YES;
				CLANG_WARN_INT_CONVERSION = YES;
				CLANG_WARN_NON_LITERAL_NULL_CONVERSION = YES;
				CLANG_WARN_OBJC_IMPLICIT_RETAIN_SELF = YES;
				CLANG_WARN_OBJC_LITERAL_CONVERSION = YES;
				CLANG_WARN_OBJC_ROOT_CLASS = YES_ERROR;
				CLANG_WARN_RANGE_LOOP_ANALYSIS = YES;
				CLANG_WARN_STRICT_PROTOTYPES = YES;
				CLANG_WARN_SUSPICIOUS_MOVE = YES;
				CLANG_WARN_UNGUARDED_AVAILABILITY = YES_AGGRESSIVE;
				CLANG_WARN_UNREACHABLE_CODE = YES;
				CLANG_WARN__DUPLICATE_METHOD_MATCH = YES;
				CODE_SIGN_IDENTITY = "iPhone Developer";
				COPY_PHASE_STRIP = NO;
				DEBUG_INFORMATION_FORMAT = "dwarf-with-dsym";
				ENABLE_NS_ASSERTIONS = NO;
				ENABLE_STRICT_OBJC_MSGSEND = YES;
				GCC_C_LANGUAGE_STANDARD = gnu11;
				GCC_NO_COMMON_BLOCKS = YES;
				GCC_WARN_64_TO_32_BIT_CONVERSION = YES;
				GCC_WARN_ABOUT_RETURN_TYPE = YES_ERROR;
				GCC_WARN_UNDECLARED_SELECTOR = YES;
				GCC_WARN_UNINITIALIZED_AUTOS = YES_AGGRESSIVE;
				GCC_WARN_UNUSED_FUNCTION = YES;
				GCC_WARN_UNUSED_VARIABLE = YES;
				IPHONEOS_DEPLOYMENT_TARGET = 10.0;
				MTL_ENABLE_DEBUG_INFO = NO;
				MTL_FAST_MATH = YES;
				SDKROOT = iphoneos;
				VALIDATE_PRODUCT = YES;
			};
			name = Release;
		};
		4434603A221A2ED800F92DDE /* Debug */ = {
			isa = XCBuildConfiguration;
			buildSettings = {
				ASSETCATALOG_COMPILER_APPICON_NAME = AppIcon;
				CODE_SIGN_IDENTITY = "iPhone Developer";
				CODE_SIGN_STYLE = Automatic;
				DEVELOPMENT_TEAM = 8YWGSV4T24;
				INFOPLIST_FILE = PYLTiled/Info.plist;
				LD_RUNPATH_SEARCH_PATHS = (
					"$(inherited)",
					"@executable_path/Frameworks",
				);
				PRODUCT_BUNDLE_IDENTIFIER = pangyulei.PYLTiled;
				PRODUCT_NAME = "$(TARGET_NAME)";
				PROVISIONING_PROFILE_SPECIFIER = "";
				TARGETED_DEVICE_FAMILY = 1;
			};
			name = Debug;
		};
		4434603B221A2ED800F92DDE /* Release */ = {
			isa = XCBuildConfiguration;
			buildSettings = {
				ASSETCATALOG_COMPILER_APPICON_NAME = AppIcon;
				CODE_SIGN_IDENTITY = "iPhone Developer";
				CODE_SIGN_STYLE = Automatic;
				DEVELOPMENT_TEAM = 8YWGSV4T24;
				INFOPLIST_FILE = PYLTiled/Info.plist;
				LD_RUNPATH_SEARCH_PATHS = (
					"$(inherited)",
					"@executable_path/Frameworks",
				);
				PRODUCT_BUNDLE_IDENTIFIER = pangyulei.PYLTiled;
				PRODUCT_NAME = "$(TARGET_NAME)";
				PROVISIONING_PROFILE_SPECIFIER = "";
				TARGETED_DEVICE_FAMILY = 1;
			};
			name = Release;
		};
/* End XCBuildConfiguration section */

/* Begin XCConfigurationList section */
		4434601E221A2ED700F92DDE /* Build configuration list for PBXProject "PYLTiled" */ = {
			isa = XCConfigurationList;
			buildConfigurations = (
				44346037221A2ED800F92DDE /* Debug */,
				44346038221A2ED800F92DDE /* Release */,
			);
			defaultConfigurationIsVisible = 0;
			defaultConfigurationName = Release;
		};
		44346039221A2ED800F92DDE /* Build configuration list for PBXNativeTarget "PYLTiled" */ = {
			isa = XCConfigurationList;
			buildConfigurations = (
				4434603A221A2ED800F92DDE /* Debug */,
				4434603B221A2ED800F92DDE /* Release */,
			);
			defaultConfigurationIsVisible = 0;
			defaultConfigurationName = Release;
		};
/* End XCConfigurationList section */
	};
	rootObject = 4434601B221A2ED700F92DDE /* Project object */;
}
